
Microsoft Visual Studio Solution File, Format Version 12.00
# Visual Studio Version 17
VisualStudioVersion = 17.10.35013.160
MinimumVisualStudioVersion = 10.0.40219.1
Project("{FAE04EC0-301F-11D3-BF4B-00C04F79EFBC}") = "CpCodeSelect", "CpCodeSelect.csproj", "{03C0564B-F8DD-4891-9550-CD6995A8641F}"
EndProject
Project("{FAE04EC0-301F-11D3-BF4B-00C04F79EFBC}") = "CpCodeSelect.Util", "..\CpCodeSelect.Util\CpCodeSelect.Util.csproj", "{6C2507E5-10E9-4A3B-B6AD-E7A7EE3EC569}"
EndProject
Project("{FAE04EC0-301F-11D3-BF4B-00C04F79EFBC}") = "CpCodeSelect.Model", "..\CpCodeSelect.Model\CpCodeSelect.Model.csproj", "{E5D706A9-F866-478B-B1B0-228179E2FB3B}"
EndProject
Project("{FAE04EC0-301F-11D3-BF4B-00C04F79EFBC}") = "CpCodeSelect.DA", "..\CpCodeSelect.DA\CpCodeSelect.DA.csproj", "{3B2B5C25-93BA-478F-926A-E50EA2FB60A0}"
EndProject
Global
	GlobalSection(SolutionConfigurationPlatforms) = preSolution
		Debug|Any CPU = Debug|Any CPU
		Release|Any CPU = Release|Any CPU
	EndGlobalSection
	GlobalSection(ProjectConfigurationPlatforms) = postSolution
		{03C0564B-F8DD-4891-9550-CD6995A8641F}.Debug|Any CPU.ActiveCfg = Debug|Any CPU
		{03C0564B-F8DD-4891-9550-CD6995A8641F}.Debug|Any CPU.Build.0 = Debug|Any CPU
		{03C0564B-F8DD-4891-9550-CD6995A8641F}.Release|Any CPU.ActiveCfg = Release|Any CPU
		{03C0564B-F8DD-4891-9550-CD6995A8641F}.Release|Any CPU.Build.0 = Release|Any CPU
		{6C2507E5-10E9-4A3B-B6AD-E7A7EE3EC569}.Debug|Any CPU.ActiveCfg = Debug|Any CPU
		{6C2507E5-10E9-4A3B-B6AD-E7A7EE3EC569}.Debug|Any CPU.Build.0 = Debug|Any CPU
		{6C2507E5-10E9-4A3B-B6AD-E7A7EE3EC569}.Release|Any CPU.ActiveCfg = Release|Any CPU
		{6C2507E5-10E9-4A3B-B6AD-E7A7EE3EC569}.Release|Any CPU.Build.0 = Release|Any CPU
		{E5D706A9-F866-478B-B1B0-228179E2FB3B}.Debug|Any CPU.ActiveCfg = Debug|Any CPU
		{E5D706A9-F866-478B-B1B0-228179E2FB3B}.Debug|Any CPU.Build.0 = Debug|Any CPU
		{E5D706A9-F866-478B-B1B0-228179E2FB3B}.Release|Any CPU.ActiveCfg = Release|Any CPU
		{E5D706A9-F866-478B-B1B0-228179E2FB3B}.Release|Any CPU.Build.0 = Release|Any CPU
		{3B2B5C25-93BA-478F-926A-E50EA2FB60A0}.Debug|Any CPU.ActiveCfg = Debug|Any CPU
		{3B2B5C25-93BA-478F-926A-E50EA2FB60A0}.Debug|Any CPU.Build.0 = Debug|Any CPU
		{3B2B5C25-93BA-478F-926A-E50EA2FB60A0}.Release|Any CPU.ActiveCfg = Release|Any CPU
		{3B2B5C25-93BA-478F-926A-E50EA2FB60A0}.Release|Any CPU.Build.0 = Release|Any CPU
	EndGlobalSection
	GlobalSection(SolutionProperties) = preSolution
		HideSolutionNode = FALSE
	EndGlobalSection
	GlobalSection(ExtensibilityGlobals) = postSolution
		SolutionGuid = {A4DDB324-16B6-4288-9BF7-2CB1FE8BD1B1}
	EndGlobalSection
EndGlobal
